PODS:
  - CryptoSwift (0.10.0)
  - SwiftyJSON (4.1.0)
  - UInt256 (0.2.2)

DEPENDENCIES:
  - CryptoSwift
  - SwiftyJSON
  - UInt256 (from `https://github.com/hyu2018/UInt256.git`)

SPEC REPOS:
  https://github.com/cocoapods/specs.git:
    - CryptoSwift
    - SwiftyJSON

EXTERNAL SOURCES:
  UInt256:
    :git: https://github.com/hyu2018/UInt256.git

CHECKOUT OPTIONS:
  UInt256:
    :commit: 35a379132f66717439f9b74d91060ef4dc0b0334
    :git: https://github.com/hyu2018/UInt256.git

SPEC CHECKSUMS:
  CryptoSwift: 6c778d69282bed3b4e975ff97a79d074f20bb011
  SwiftyJSON: c29297daf073d2aa016295d5809cdd68045c39b3
  UInt256: e88c8706e35e1e29fd5459be4dbc0488c8f7ea60

PODFILE CHECKSUM: 3be50f3196bc3a203cef60a7f337ffa973e9b114

COCOAPODS: 1.5.3
